// !$*UTF8*$!
{
	archiveVersion = 1;
	classes = {
	};
	objectVersion = 51;
	objects = {

/* Begin PBXBuildFile section */
		B0A7551D255AA42D005D9C96 /* AppDelegate.swift in Sources */ = {isa = PBXBuildFile; fileRef = B0A7551C255AA42D005D9C96 /* AppDelegate.swift */; };
		B0A7551F255AA42D005D9C96 /* SceneDelegate.swift in Sources */ = {isa = PBXBuildFile; fileRef = B0A7551E255AA42D005D9C96 /* SceneDelegate.swift */; };
		B0A75524255AA42D005D9C96 /* Main.storyboard in Resources */ = {isa = PBXBuildFile; fileRef = B0A75522255AA42D005D9C96 /* Main.storyboard */; };
		B0A75526255AA42F005D9C96 /* Assets.xcassets in Resources */ = {isa = PBXBuildFile; fileRef = B0A75525255AA42F005D9C96 /* Assets.xcassets */; };
		B0A7554A255B07C3005D9C96 /* NetworkService.swift in Sources */ = {isa = PBXBuildFile; fileRef = B0A75549255B07C3005D9C96 /* NetworkService.swift */; };
		B0A75555255B0855005D9C96 /* Repository.swift in Sources */ = {isa = PBXBuildFile; fileRef = B0A75554255B0855005D9C96 /* Repository.swift */; };
		B0A75559255B08B1005D9C96 /* Constants.swift in Sources */ = {isa = PBXBuildFile; fileRef = B0A75558255B08B1005D9C96 /* Constants.swift */; };
		B0A7555E255BEA55005D9C96 /* GitHubTableViewController.swift in Sources */ = {isa = PBXBuildFile; fileRef = B0A7555D255BEA55005D9C96 /* GitHubTableViewController.swift */; };
		B0A75569255BF9EB005D9C96 /* LaunchScreen.storyboard in Resources */ = {isa = PBXBuildFile; fileRef = B0A75568255BF9EB005D9C96 /* LaunchScreen.storyboard */; };
		D0211F2919EFA80A25E2A621 /* Pods_GitHubSearch.framework in Frameworks */ = {isa = PBXBuildFile; fileRef = CA86FF7BAE8EE6056BD86191 /* Pods_GitHubSearch.framework */; };
/* End PBXBuildFile section */

/* Begin PBXFileReference section */
		B0A75519255AA42D005D9C96 /* GitHubSearch.app */ = {isa = PBXFileReference; explicitFileType = wrapper.application; includeInIndex = 0; path = GitHubSearch.app; sourceTree = BUILT_PRODUCTS_DIR; };
		B0A7551C255AA42D005D9C96 /* AppDelegate.swift */ = {isa = PBXFileReference; lastKnownFileType = sourcecode.swift; path = AppDelegate.swift; sourceTree = "<group>"; };
		B0A7551E255AA42D005D9C96 /* SceneDelegate.swift */ = {isa = PBXFileReference; lastKnownFileType = sourcecode.swift; path = SceneDelegate.swift; sourceTree = "<group>"; };
		B0A75523255AA42D005D9C96 /* Base */ = {isa = PBXFileReference; lastKnownFileType = file.storyboard; name = Base; path = Base.lproj/Main.storyboard; sourceTree = "<group>"; };
		B0A75525255AA42F005D9C96 /* Assets.xcassets */ = {isa = PBXFileReference; lastKnownFileType = folder.assetcatalog; path = Assets.xcassets; sourceTree = "<group>"; };
		B0A7552A255AA42F005D9C96 /* Info.plist */ = {isa = PBXFileReference; lastKnownFileType = text.plist.xml; path = Info.plist; sourceTree = "<group>"; };
		B0A75549255B07C3005D9C96 /* NetworkService.swift */ = {isa = PBXFileReference; lastKnownFileType = sourcecode.swift; path = NetworkService.swift; sourceTree = "<group>"; };
		B0A75554255B0855005D9C96 /* Repository.swift */ = {isa = PBXFileReference; lastKnownFileType = sourcecode.swift; path = Repository.swift; sourceTree = "<group>"; };
		B0A75558255B08B1005D9C96 /* Constants.swift */ = {isa = PBXFileReference; lastKnownFileType = sourcecode.swift; path = Constants.swift; sourceTree = "<group>"; };
		B0A7555D255BEA55005D9C96 /* GitHubTableViewController.swift */ = {isa = PBXFileReference; lastKnownFileType = sourcecode.swift; path = GitHubTableViewController.swift; sourceTree = "<group>"; };
		B0A75568255BF9EB005D9C96 /* LaunchScreen.storyboard */ = {isa = PBXFileReference; lastKnownFileType = file.storyboard; path = LaunchScreen.storyboard; sourceTree = "<group>"; };
		CA86FF7BAE8EE6056BD86191 /* Pods_GitHubSearch.framework */ = {isa = PBXFileReference; explicitFileType = wrapper.framework; includeInIndex = 0; path = Pods_GitHubSearch.framework; sourceTree = BUILT_PRODUCTS_DIR; };
		E5DD709312238861F44906C3 /* Pods-GitHubSearch.release.xcconfig */ = {isa = PBXFileReference; includeInIndex = 1; lastKnownFileType = text.xcconfig; name = "Pods-GitHubSearch.release.xcconfig"; path = "Target Support Files/Pods-GitHubSearch/Pods-GitHubSearch.release.xcconfig"; sourceTree = "<group>"; };
		E974E30B6EAC1DA3B841375D /* Pods-GitHubSearch.debug.xcconfig */ = {isa = PBXFileReference; includeInIndex = 1; lastKnownFileType = text.xcconfig; name = "Pods-GitHubSearch.debug.xcconfig"; path = "Target Support Files/Pods-GitHubSearch/Pods-GitHubSearch.debug.xcconfig"; sourceTree = "<group>"; };
/* End PBXFileReference section */

/* Begin PBXFrameworksBuildPhase section */
		B0A75516255AA42D005D9C96 /* Frameworks */ = {
			isa = PBXFrameworksBuildPhase;
			buildActionMask = 2147483647;
			files = (
				D0211F2919EFA80A25E2A621 /* Pods_GitHubSearch.framework in Frameworks */,
			);
			runOnlyForDeploymentPostprocessing = 0;
		};
/* End PBXFrameworksBuildPhase section */

/* Begin PBXGroup section */
		236D0C34EC0DD55EB347ED7C /* Frameworks */ = {
			isa = PBXGroup;
			children = (
				CA86FF7BAE8EE6056BD86191 /* Pods_GitHubSearch.framework */,
			);
			name = Frameworks;
			sourceTree = "<group>";
		};
		B0A75510255AA42D005D9C96 = {
			isa = PBXGroup;
			children = (
				B0A7551B255AA42D005D9C96 /* GitHubSearch */,
				B0A7551A255AA42D005D9C96 /* Products */,
				B2E13BD5FDD41B82A5E0BBCB /* Pods */,
				236D0C34EC0DD55EB347ED7C /* Frameworks */,
			);
			sourceTree = "<group>";
		};
		B0A7551A255AA42D005D9C96 /* Products */ = {
			isa = PBXGroup;
			children = (
				B0A75519255AA42D005D9C96 /* GitHubSearch.app */,
			);
			name = Products;
			sourceTree = "<group>";
		};
		B0A7551B255AA42D005D9C96 /* GitHubSearch */ = {
			isa = PBXGroup;
			children = (
				B0A7553D255AB465005D9C96 /* ViewControllers */,
				B0A75553255B0846005D9C96 /* Models */,
				B0A75547255B0777005D9C96 /* Services */,
				B0A75557255B089B005D9C96 /* Helpers */,
				B0A7556D255BFE28005D9C96 /* Environment */,
			);
			path = GitHubSearch;
			sourceTree = "<group>";
		};
		B0A7553D255AB465005D9C96 /* ViewControllers */ = {
			isa = PBXGroup;
			children = (
				B0A7555D255BEA55005D9C96 /* GitHubTableViewController.swift */,
				B0A75522255AA42D005D9C96 /* Main.storyboard */,
			);
			path = ViewControllers;
			sourceTree = "<group>";
		};
		B0A75547255B0777005D9C96 /* Services */ = {
			isa = PBXGroup;
			children = (
				B0A75548255B07AA005D9C96 /* Networking */,
			);
			path = Services;
			sourceTree = "<group>";
		};
		B0A75548255B07AA005D9C96 /* Networking */ = {
			isa = PBXGroup;
			children = (
				B0A75549255B07C3005D9C96 /* NetworkService.swift */,
			);
			path = Networking;
			sourceTree = "<group>";
		};
		B0A75553255B0846005D9C96 /* Models */ = {
			isa = PBXGroup;
			children = (
				B0A75554255B0855005D9C96 /* Repository.swift */,
			);
			path = Models;
			sourceTree = "<group>";
		};
		B0A75557255B089B005D9C96 /* Helpers */ = {
			isa = PBXGroup;
			children = (
				B0A75558255B08B1005D9C96 /* Constants.swift */,
			);
			path = Helpers;
			sourceTree = "<group>";
		};
		B0A7556D255BFE28005D9C96 /* Environment */ = {
			isa = PBXGroup;
			children = (
				B0A7551C255AA42D005D9C96 /* AppDelegate.swift */,
				B0A7551E255AA42D005D9C96 /* SceneDelegate.swift */,
				B0A75525255AA42F005D9C96 /* Assets.xcassets */,
				B0A75568255BF9EB005D9C96 /* LaunchScreen.storyboard */,
				B0A7552A255AA42F005D9C96 /* Info.plist */,
			);
			path = Environment;
			sourceTree = "<group>";
		};
		B2E13BD5FDD41B82A5E0BBCB /* Pods */ = {
			isa = PBXGroup;
			children = (
				E974E30B6EAC1DA3B841375D /* Pods-GitHubSearch.debug.xcconfig */,
				E5DD709312238861F44906C3 /* Pods-GitHubSearch.release.xcconfig */,
			);
			path = Pods;
			sourceTree = "<group>";
		};
/* End PBXGroup section */

/* Begin PBXNativeTarget section */
		B0A75518255AA42D005D9C96 /* GitHubSearch */ = {
			isa = PBXNativeTarget;
			buildConfigurationList = B0A7552D255AA42F005D9C96 /* Build configuration list for PBXNativeTarget "GitHubSearch" */;
			buildPhases = (
				0246A6B243F906EDBD7A8D41 /* [CP] Check Pods Manifest.lock */,
				B0A75515255AA42D005D9C96 /* Sources */,
				B0A75516255AA42D005D9C96 /* Frameworks */,
				B0A75517255AA42D005D9C96 /* Resources */,
				61DE1373458E91ABDFA90581 /* [CP] Embed Pods Frameworks */,
			);
			buildRules = (
			);
			dependencies = (
			);
			name = GitHubSearch;
			productName = GitHubSearch;
			productReference = B0A75519255AA42D005D9C96 /* GitHubSearch.app */;
			productType = "com.apple.product-type.application";
		};
/* End PBXNativeTarget section */

/* Begin PBXProject section */
		B0A75511255AA42D005D9C96 /* Project object */ = {
			isa = PBXProject;
			attributes = {
				LastSwiftUpdateCheck = 1210;
				LastUpgradeCheck = 1210;
				TargetAttributes = {
					B0A75518255AA42D005D9C96 = {
						CreatedOnToolsVersion = 12.1;
					};
				};
			};
			buildConfigurationList = B0A75514255AA42D005D9C96 /* Build configuration list for PBXProject "GitHubSearch" */;
			compatibilityVersion = "Xcode 9.3";
			developmentRegion = en;
			hasScannedForEncodings = 0;
			knownRegions = (
				en,
				Base,
			);
			mainGroup = B0A75510255AA42D005D9C96;
			productRefGroup = B0A7551A255AA42D005D9C96 /* Products */;
			projectDirPath = "";
			projectRoot = "";
			targets = (
				B0A75518255AA42D005D9C96 /* GitHubSearch */,
			);
		};
/* End PBXProject section */

/* Begin PBXResourcesBuildPhase section */
		B0A75517255AA42D005D9C96 /* Resources */ = {
			isa = PBXResourcesBuildPhase;
			buildActionMask = 2147483647;
			files = (
				B0A75569255BF9EB005D9C96 /* LaunchScreen.storyboard in Resources */,
				B0A75526255AA42F005D9C96 /* Assets.xcassets in Resources */,
				B0A75524255AA42D005D9C96 /* Main.storyboard in Resources */,
			);
			runOnlyForDeploymentPostprocessing = 0;
		};
/* End PBXResourcesBuildPhase section */

/* Begin PBXShellScriptBuildPhase section */
		0246A6B243F906EDBD7A8D41 /* [CP] Check Pods Manifest.lock */ = {
			isa = PBXShellScriptBuildPhase;
			buildActionMask = 2147483647;
			files = (
			);
			inputFileListPaths = (
			);
			inputPaths = (
				"${PODS_PODFILE_DIR_PATH}/Podfile.lock",
				"${PODS_ROOT}/Manifest.lock",
			);
			name = "[CP] Check Pods Manifest.lock";
			outputFileListPaths = (
			);
			outputPaths = (
				"$(DERIVED_FILE_DIR)/Pods-GitHubSearch-checkManifestLockResult.txt",
			);
			runOnlyForDeploymentPostprocessing = 0;
			shellPath = /bin/sh;
			shellScript = "diff \"${PODS_PODFILE_DIR_PATH}/Podfile.lock\" \"${PODS_ROOT}/Manifest.lock\" > /dev/null\nif [ $? != 0 ] ; then\n    # print error to STDERR\n    echo \"error: The sandbox is not in sync with the Podfile.lock. Run 'pod install' or update your CocoaPods installation.\" >&2\n    exit 1\nfi\n# This output is used by Xcode 'outputs' to avoid re-running this script phase.\necho \"SUCCESS\" > \"${SCRIPT_OUTPUT_FILE_0}\"\n";
			showEnvVarsInLog = 0;
		};
		61DE1373458E91ABDFA90581 /* [CP] Embed Pods Frameworks */ = {
			isa = PBXShellScriptBuildPhase;
			buildActionMask = 2147483647;
			files = (
			);
			inputFileListPaths = (
				"${PODS_ROOT}/Target Support Files/Pods-GitHubSearch/Pods-GitHubSearch-frameworks-${CONFIGURATION}-input-files.xcfilelist",
			);
			name = "[CP] Embed Pods Frameworks";
			outputFileListPaths = (
				"${PODS_ROOT}/Target Support Files/Pods-GitHubSearch/Pods-GitHubSearch-frameworks-${CONFIGURATION}-output-files.xcfilelist",
			);
			runOnlyForDeploymentPostprocessing = 0;
			shellPath = /bin/sh;
			shellScript = "\"${PODS_ROOT}/Target Support Files/Pods-GitHubSearch/Pods-GitHubSearch-frameworks.sh\"\n";
			showEnvVarsInLog = 0;
		};
/* End PBXShellScriptBuildPhase section */

/* Begin PBXSourcesBuildPhase section */
		B0A75515255AA42D005D9C96 /* Sources */ = {
			isa = PBXSourcesBuildPhase;
			buildActionMask = 2147483647;
			files = (
				B0A7551D255AA42D005D9C96 /* AppDelegate.swift in Sources */,
				B0A75555255B0855005D9C96 /* Repository.swift in Sources */,
				B0A7555E255BEA55005D9C96 /* GitHubTableViewController.swift in Sources */,
				B0A7554A255B07C3005D9C96 /* NetworkService.swift in Sources */,
				B0A7551F255AA42D005D9C96 /* SceneDelegate.swift in Sources */,
				B0A75559255B08B1005D9C96 /* Constants.swift in Sources */,
			);
			runOnlyForDeploymentPostprocessing = 0;
		};
/* End PBXSourcesBuildPhase section */

/* Begin PBXVariantGroup section */
		B0A75522255AA42D005D9C96 /* Main.storyboard */ = {
			isa = PBXVariantGroup;
			children = (
				B0A75523255AA42D005D9C96 /* Base */,
			);
			name = Main.storyboard;
			sourceTree = "<group>";
		};
/* End PBXVariantGroup section */

/* Begin XCBuildConfiguration section */
		B0A7552B255AA42F005D9C96 /* Debug */ = {
			isa = XCBuildConfiguration;
			buildSettings = {
				ALWAYS_SEARCH_USER_PATHS = NO;
				CLANG_ANALYZER_NONNULL = YES;
				CLANG_ANALYZER_NUMBER_OBJECT_CONVERSION = YES_AGGRESSIVE;
				CLANG_CXX_LANGUAGE_STANDARD = "gnu++14";
				CLANG_CXX_LIBRARY = "libc++";
				CLANG_ENABLE_MODULES = YES;
				CLANG_ENABLE_OBJC_ARC = YES;
				CLANG_ENABLE_OBJC_WEAK = YES;
				CLANG_WARN_BLOCK_CAPTURE_AUTORELEASING = YES;
				CLANG_WARN_BOOL_CONVERSION = YES;
				CLANG_WARN_COMMA = YES;
				CLANG_WARN_CONSTANT_CONVERSION = YES;
				CLANG_WARN_DEPRECATED_OBJC_IMPLEMENTATIONS = YES;
				CLANG_WARN_DIRECT_OBJC_ISA_USAGE = YES_ERROR;
				CLANG_WARN_DOCUMENTATION_COMMENTS = YES;
				CLANG_WARN_EMPTY_BODY = YES;
				CLANG_WARN_ENUM_CONVERSION = YES;
				CLANG_WARN_INFINITE_RECURSION = YES;
				CLANG_WARN_INT_CONVERSION = YES;
				CLANG_WARN_NON_LITERAL_NULL_CONVERSION = YES;
				CLANG_WARN_OBJC_IMPLICIT_RETAIN_SELF = YES;
				CLANG_WARN_OBJC_LITERAL_CONVERSION = YES;
				CLANG_WARN_OBJC_ROOT_CLASS = YES_ERROR;
				CLANG_WARN_QUOTED_INCLUDE_IN_FRAMEWORK_HEADER = YES;
				CLANG_WARN_RANGE_LOOP_ANALYSIS = YES;
				CLANG_WARN_STRICT_PROTOTYPES = YES;
				CLANG_WARN_SUSPICIOUS_MOVE = YES;
				CLANG_WARN_UNGUARDED_AVAILABILITY = YES_AGGRESSIVE;
				CLANG_WARN_UNREACHABLE_CODE = YES;
				CLANG_WARN__DUPLICATE_METHOD_MATCH = YES;
				COPY_PHASE_STRIP = NO;
				DEBUG_INFORMATION_FORMAT = dwarf;
				ENABLE_STRICT_OBJC_MSGSEND = YES;
				ENABLE_TESTABILITY = YES;
				GCC_C_LANGUAGE_STANDARD = gnu11;
				GCC_DYNAMIC_NO_PIC = NO;
				GCC_NO_COMMON_BLOCKS = YES;
				GCC_OPTIMIZATION_LEVEL = 0;
				GCC_PREPROCESSOR_DEFINITIONS = (
					"DEBUG=1",
					"$(inherited)",
				);
				GCC_WARN_64_TO_32_BIT_CONVERSION = YES;
				GCC_WARN_ABOUT_RETURN_TYPE = YES_ERROR;
				GCC_WARN_UNDECLARED_SELECTOR = YES;
				GCC_WARN_UNINITIALIZED_AUTOS = YES_AGGRESSIVE;
				GCC_WARN_UNUSED_FUNCTION = YES;
				GCC_WARN_UNUSED_VARIABLE = YES;
				IPHONEOS_DEPLOYMENT_TARGET = 14.1;
				MTL_ENABLE_DEBUG_INFO = INCLUDE_SOURCE;
				MTL_FAST_MATH = YES;
				ONLY_ACTIVE_ARCH = YES;
				SDKROOT = iphoneos;
				SWIFT_ACTIVE_COMPILATION_CONDITIONS = DEBUG;
				SWIFT_OPTIMIZATION_LEVEL = "-Onone";
			};
			name = Debug;
		};
		B0A7552C255AA42F005D9C96 /* Release */ = {
			isa = XCBuildConfiguration;
			buildSettings = {
				ALWAYS_SEARCH_USER_PATHS = NO;
				CLANG_ANALYZER_NONNULL = YES;
				CLANG_ANALYZER_NUMBER_OBJECT_CONVERSION = YES_AGGRESSIVE;
				CLANG_CXX_LANGUAGE_STANDARD = "gnu++14";
				CLANG_CXX_LIBRARY = "libc++";
				CLANG_ENABLE_MODULES = YES;
				CLANG_ENABLE_OBJC_ARC = YES;
				CLANG_ENABLE_OBJC_WEAK = YES;
				CLANG_WARN_BLOCK_CAPTURE_AUTORELEASING = YES;
				CLANG_WARN_BOOL_CONVERSION = YES;
				CLANG_WARN_COMMA = YES;
				CLANG_WARN_CONSTANT_CONVERSION = YES;
				CLANG_WARN_DEPRECATED_OBJC_IMPLEMENTATIONS = YES;
				CLANG_WARN_DIRECT_OBJC_ISA_USAGE = YES_ERROR;
				CLANG_WARN_DOCUMENTATION_COMMENTS = YES;
				CLANG_WARN_EMPTY_BODY = YES;
				CLANG_WARN_ENUM_CONVERSION = YES;
				CLANG_WARN_INFINITE_RECURSION = YES;
				CLANG_WARN_INT_CONVERSION = YES;
				CLANG_WARN_NON_LITERAL_NULL_CONVERSION = YES;
				CLANG_WARN_OBJC_IMPLICIT_RETAIN_SELF = YES;
				CLANG_WARN_OBJC_LITERAL_CONVERSION = YES;
				CLANG_WARN_OBJC_ROOT_CLASS = YES_ERROR;
				CLANG_WARN_QUOTED_INCLUDE_IN_FRAMEWORK_HEADER = YES;
				CLANG_WARN_RANGE_LOOP_ANALYSIS = YES;
				CLANG_WARN_STRICT_PROTOTYPES = YES;
				CLANG_WARN_SUSPICIOUS_MOVE = YES;
				CLANG_WARN_UNGUARDED_AVAILABILITY = YES_AGGRESSIVE;
				CLANG_WARN_UNREACHABLE_CODE = YES;
				CLANG_WARN__DUPLICATE_METHOD_MATCH = YES;
				COPY_PHASE_STRIP = NO;
				DEBUG_INFORMATION_FORMAT = "dwarf-with-dsym";
				ENABLE_NS_ASSERTIONS = NO;
				ENABLE_STRICT_OBJC_MSGSEND = YES;
				GCC_C_LANGUAGE_STANDARD = gnu11;
				GCC_NO_COMMON_BLOCKS = YES;
				GCC_WARN_64_TO_32_BIT_CONVERSION = YES;
				GCC_WARN_ABOUT_RETURN_TYPE = YES_ERROR;
				GCC_WARN_UNDECLARED_SELECTOR = YES;
				GCC_WARN_UNINITIALIZED_AUTOS = YES_AGGRESSIVE;
				GCC_WARN_UNUSED_FUNCTION = YES;
				GCC_WARN_UNUSED_VARIABLE = YES;
				IPHONEOS_DEPLOYMENT_TARGET = 14.1;
				MTL_ENABLE_DEBUG_INFO = NO;
				MTL_FAST_MATH = YES;
				SDKROOT = iphoneos;
				SWIFT_COMPILATION_MODE = wholemodule;
				SWIFT_OPTIMIZATION_LEVEL = "-O";
				VALIDATE_PRODUCT = YES;
			};
			name = Release;
		};
		B0A7552E255AA42F005D9C96 /* Debug */ = {
			isa = XCBuildConfiguration;
			baseConfigurationReference = E974E30B6EAC1DA3B841375D /* Pods-GitHubSearch.debug.xcconfig */;
			buildSettings = {
				ASSETCATALOG_COMPILER_APPICON_NAME = AppIcon;
				ASSETCATALOG_COMPILER_GLOBAL_ACCENT_COLOR_NAME = AccentColor;
				CODE_SIGN_STYLE = Automatic;
				DEVELOPMENT_TEAM = Z8345E68DL;
				INFOPLIST_FILE = "$(SRCROOT)/GitHubSearch/Environment/Info.plist";
				LD_RUNPATH_SEARCH_PATHS = (
					"$(inherited)",
					"@executable_path/Frameworks",
				);
				PRODUCT_BUNDLE_IDENTIFIER = EGB.GitHubSearch;
				PRODUCT_NAME = "$(TARGET_NAME)";
				SWIFT_VERSION = 5.0;
				TARGETED_DEVICE_FAMILY = "1,2";
			};
			name = Debug;
		};
		B0A7552F255AA42F005D9C96 /* Release */ = {
			isa = XCBuildConfiguration;
			baseConfigurationReference = E5DD709312238861F44906C3 /* Pods-GitHubSearch.release.xcconfig */;
			buildSettings = {
				ASSETCATALOG_COMPILER_APPICON_NAME = AppIcon;
				ASSETCATALOG_COMPILER_GLOBAL_ACCENT_COLOR_NAME = AccentColor;
				CODE_SIGN_STYLE = Automatic;
				DEVELOPMENT_TEAM = Z8345E68DL;
				INFOPLIST_FILE = "$(SRCROOT)/GitHubSearch/Environment/Info.plist";
				LD_RUNPATH_SEARCH_PATHS = (
					"$(inherited)",
					"@executable_path/Frameworks",
				);
				PRODUCT_BUNDLE_IDENTIFIER = EGB.GitHubSearch;
				PRODUCT_NAME = "$(TARGET_NAME)";
				SWIFT_VERSION = 5.0;
				TARGETED_DEVICE_FAMILY = "1,2";
			};
			name = Release;
		};
/* End XCBuildConfiguration section */

/* Begin XCConfigurationList section */
		B0A75514255AA42D005D9C96 /* Build configuration list for PBXProject "GitHubSearch" */ = {
			isa = XCConfigurationList;
			buildConfigurations = (
				B0A7552B255AA42F005D9C96 /* Debug */,
				B0A7552C255AA42F005D9C96 /* Release */,
			);
			defaultConfigurationIsVisible = 0;
			defaultConfigurationName = Release;
		};
		B0A7552D255AA42F005D9C96 /* Build configuration list for PBXNativeTarget "GitHubSearch" */ = {
			isa = XCConfigurationList;
			buildConfigurations = (
				B0A7552E255AA42F005D9C96 /* Debug */,
				B0A7552F255AA42F005D9C96 /* Release */,
			);
			defaultConfigurationIsVisible = 0;
			defaultConfigurationName = Release;
		};
/* End XCConfigurationList section */
	};
	rootObject = B0A75511255AA42D005D9C96 /* Project object */;
}
